
Microsoft Visual Studio Solution File, Format Version 12.00
# Visual Studio Version 16
VisualStudioVersion = 16.0.30225.117
MinimumVisualStudioVersion = 10.0.40219.1
Project("{9A19103F-16F7-4668-BE54-9A1E7A4F7556}") = "Strong.API", "StrongAPI\Strong.API.csproj", "{F098F60E-871A-4325-BB01-8EB2F3E20036}"
EndProject
Project("{9A19103F-16F7-4668-BE54-9A1E7A4F7556}") = "Strong.Entities", "Strong.Entities\Strong.Entities.csproj", "{B0439AB5-C122-4DFE-B678-E154F781EC67}"
EndProject
Project("{9A19103F-16F7-4668-BE54-9A1E7A4F7556}") = "Strong.Repository", "Strong.Repository\Strong.Repository.csproj", "{7E8CFA06-0C48-44D6-920B-814C988986CC}"
EndProject
Project("{2150E333-8FDC-42A3-9474-1A3956D46DE8}") = "Lib", "Lib", "{0CC572F1-D067-487E-8E67-E3A2BD4215FF}"
EndProject
Project("{9A19103F-16F7-4668-BE54-9A1E7A4F7556}") = "Strong.Bussiness", "Strong.Bussiness\Strong.Bussiness.csproj", "{78ADE153-22D2-44A7-B690-D11076874DC4}"
EndProject
Project("{9A19103F-16F7-4668-BE54-9A1E7A4F7556}") = "Strong.IBussiness", "Strong.IBussiness\Strong.IBussiness.csproj", "{00A48D19-897A-43D8-A6BD-C7FA31AB0961}"
EndProject
Project("{9A19103F-16F7-4668-BE54-9A1E7A4F7556}") = "Strong.Model", "Strong.Model\Strong.Model.csproj", "{AC24FBB8-240A-41B2-9265-0273BCAAACD2}"
EndProject
Project("{9A19103F-16F7-4668-BE54-9A1E7A4F7556}") = "Strong.Extensions", "Strong.Extensions\Strong.Extensions.csproj", "{9F1A28D4-0D2A-4159-9BB4-657F110C10FC}"
EndProject
Project("{9A19103F-16F7-4668-BE54-9A1E7A4F7556}") = "Strong.Common", "Strong.Common\Strong.Common.csproj", "{396C259C-630B-4832-B16F-64726FAD448D}"
EndProject
Project("{9A19103F-16F7-4668-BE54-9A1E7A4F7556}") = "Strong.Tasks", "Strong.Tasks\Strong.Tasks.csproj", "{2F4069BA-E607-41C5-A289-1CFBB2FBA0FF}"
EndProject
Project("{E24C65DC-7377-472B-9ABA-BC803B73C61A}") = "http://localhost:8089", "http://localhost:8089", "{7766C4E6-E41B-45E1-9A9A-18492B70910D}"
	ProjectSection(WebsiteProperties) = preProject
		UseIISExpress = "false"
		TargetFrameworkMoniker = ".NETFramework,Version%3Dv4.0"
		Debug.AspNetCompiler.VirtualPath = "/localhost_8089"
		Debug.AspNetCompiler.PhysicalPath = "web\"
		Debug.AspNetCompiler.TargetPath = "PrecompiledWeb\localhost_8089\"
		Debug.AspNetCompiler.Updateable = "true"
		Debug.AspNetCompiler.ForceOverwrite = "true"
		Debug.AspNetCompiler.FixedNames = "false"
		Debug.AspNetCompiler.Debug = "True"
		Release.AspNetCompiler.VirtualPath = "/localhost_8089"
		Release.AspNetCompiler.PhysicalPath = "web\"
		Release.AspNetCompiler.TargetPath = "PrecompiledWeb\localhost_8089\"
		Release.AspNetCompiler.Updateable = "true"
		Release.AspNetCompiler.ForceOverwrite = "true"
		Release.AspNetCompiler.FixedNames = "false"
		Release.AspNetCompiler.Debug = "False"
		SlnRelativePath = "web\"
	EndProjectSection
EndProject
Global
	GlobalSection(SolutionConfigurationPlatforms) = preSolution
		Debug|Any CPU = Debug|Any CPU
		Release|Any CPU = Release|Any CPU
	EndGlobalSection
	GlobalSection(ProjectConfigurationPlatforms) = postSolution
		{F098F60E-871A-4325-BB01-8EB2F3E20036}.Debug|Any CPU.ActiveCfg = Debug|Any CPU
		{F098F60E-871A-4325-BB01-8EB2F3E20036}.Debug|Any CPU.Build.0 = Debug|Any CPU
		{F098F60E-871A-4325-BB01-8EB2F3E20036}.Release|Any CPU.ActiveCfg = Release|Any CPU
		{F098F60E-871A-4325-BB01-8EB2F3E20036}.Release|Any CPU.Build.0 = Release|Any CPU
		{B0439AB5-C122-4DFE-B678-E154F781EC67}.Debug|Any CPU.ActiveCfg = Debug|Any CPU
		{B0439AB5-C122-4DFE-B678-E154F781EC67}.Debug|Any CPU.Build.0 = Debug|Any CPU
		{B0439AB5-C122-4DFE-B678-E154F781EC67}.Release|Any CPU.ActiveCfg = Release|Any CPU
		{B0439AB5-C122-4DFE-B678-E154F781EC67}.Release|Any CPU.Build.0 = Release|Any CPU
		{7E8CFA06-0C48-44D6-920B-814C988986CC}.Debug|Any CPU.ActiveCfg = Debug|Any CPU
		{7E8CFA06-0C48-44D6-920B-814C988986CC}.Debug|Any CPU.Build.0 = Debug|Any CPU
		{7E8CFA06-0C48-44D6-920B-814C988986CC}.Release|Any CPU.ActiveCfg = Release|Any CPU
		{7E8CFA06-0C48-44D6-920B-814C988986CC}.Release|Any CPU.Build.0 = Release|Any CPU
		{78ADE153-22D2-44A7-B690-D11076874DC4}.Debug|Any CPU.ActiveCfg = Debug|Any CPU
		{78ADE153-22D2-44A7-B690-D11076874DC4}.Debug|Any CPU.Build.0 = Debug|Any CPU
		{78ADE153-22D2-44A7-B690-D11076874DC4}.Release|Any CPU.ActiveCfg = Release|Any CPU
		{78ADE153-22D2-44A7-B690-D11076874DC4}.Release|Any CPU.Build.0 = Release|Any CPU
		{00A48D19-897A-43D8-A6BD-C7FA31AB0961}.Debug|Any CPU.ActiveCfg = Debug|Any CPU
		{00A48D19-897A-43D8-A6BD-C7FA31AB0961}.Debug|Any CPU.Build.0 = Debug|Any CPU
		{00A48D19-897A-43D8-A6BD-C7FA31AB0961}.Release|Any CPU.ActiveCfg = Release|Any CPU
		{00A48D19-897A-43D8-A6BD-C7FA31AB0961}.Release|Any CPU.Build.0 = Release|Any CPU
		{AC24FBB8-240A-41B2-9265-0273BCAAACD2}.Debug|Any CPU.ActiveCfg = Debug|Any CPU
		{AC24FBB8-240A-41B2-9265-0273BCAAACD2}.Debug|Any CPU.Build.0 = Debug|Any CPU
		{AC24FBB8-240A-41B2-9265-0273BCAAACD2}.Release|Any CPU.ActiveCfg = Release|Any CPU
		{AC24FBB8-240A-41B2-9265-0273BCAAACD2}.Release|Any CPU.Build.0 = Release|Any CPU
		{9F1A28D4-0D2A-4159-9BB4-657F110C10FC}.Debug|Any CPU.ActiveCfg = Debug|Any CPU
		{9F1A28D4-0D2A-4159-9BB4-657F110C10FC}.Debug|Any CPU.Build.0 = Debug|Any CPU
		{9F1A28D4-0D2A-4159-9BB4-657F110C10FC}.Release|Any CPU.ActiveCfg = Release|Any CPU
		{9F1A28D4-0D2A-4159-9BB4-657F110C10FC}.Release|Any CPU.Build.0 = Release|Any CPU
		{396C259C-630B-4832-B16F-64726FAD448D}.Debug|Any CPU.ActiveCfg = Debug|Any CPU
		{396C259C-630B-4832-B16F-64726FAD448D}.Debug|Any CPU.Build.0 = Debug|Any CPU
		{396C259C-630B-4832-B16F-64726FAD448D}.Release|Any CPU.ActiveCfg = Release|Any CPU
		{396C259C-630B-4832-B16F-64726FAD448D}.Release|Any CPU.Build.0 = Release|Any CPU
		{2F4069BA-E607-41C5-A289-1CFBB2FBA0FF}.Debug|Any CPU.ActiveCfg = Debug|Any CPU
		{2F4069BA-E607-41C5-A289-1CFBB2FBA0FF}.Debug|Any CPU.Build.0 = Debug|Any CPU
		{2F4069BA-E607-41C5-A289-1CFBB2FBA0FF}.Release|Any CPU.ActiveCfg = Release|Any CPU
		{2F4069BA-E607-41C5-A289-1CFBB2FBA0FF}.Release|Any CPU.Build.0 = Release|Any CPU
		{7766C4E6-E41B-45E1-9A9A-18492B70910D}.Debug|Any CPU.ActiveCfg = Debug|Any CPU
		{7766C4E6-E41B-45E1-9A9A-18492B70910D}.Debug|Any CPU.Build.0 = Debug|Any CPU
		{7766C4E6-E41B-45E1-9A9A-18492B70910D}.Release|Any CPU.ActiveCfg = Debug|Any CPU
		{7766C4E6-E41B-45E1-9A9A-18492B70910D}.Release|Any CPU.Build.0 = Debug|Any CPU
	EndGlobalSection
	GlobalSection(SolutionProperties) = preSolution
		HideSolutionNode = FALSE
	EndGlobalSection
	GlobalSection(NestedProjects) = preSolution
		{B0439AB5-C122-4DFE-B678-E154F781EC67} = {0CC572F1-D067-487E-8E67-E3A2BD4215FF}
		{7E8CFA06-0C48-44D6-920B-814C988986CC} = {0CC572F1-D067-487E-8E67-E3A2BD4215FF}
		{78ADE153-22D2-44A7-B690-D11076874DC4} = {0CC572F1-D067-487E-8E67-E3A2BD4215FF}
		{00A48D19-897A-43D8-A6BD-C7FA31AB0961} = {0CC572F1-D067-487E-8E67-E3A2BD4215FF}
		{AC24FBB8-240A-41B2-9265-0273BCAAACD2} = {0CC572F1-D067-487E-8E67-E3A2BD4215FF}
		{9F1A28D4-0D2A-4159-9BB4-657F110C10FC} = {0CC572F1-D067-487E-8E67-E3A2BD4215FF}
		{396C259C-630B-4832-B16F-64726FAD448D} = {0CC572F1-D067-487E-8E67-E3A2BD4215FF}
		{2F4069BA-E607-41C5-A289-1CFBB2FBA0FF} = {0CC572F1-D067-487E-8E67-E3A2BD4215FF}
	EndGlobalSection
	GlobalSection(ExtensibilityGlobals) = postSolution
		SolutionGuid = {A509764E-E0D8-4F70-AB29-E0FE74564014}
	EndGlobalSection
EndGlobal
